// !$*UTF8*$!
{
	archiveVersion = 1;
	classes = {
	};
	objectVersion = 77;
	objects = {

/* Begin PBXBuildFile section */
		505626AD2DFE217E008E7FD2 /* MapKit.framework in Frameworks */ = {isa = PBXBuildFile; fileRef = 505626AC2DFE217E008E7FD2 /* MapKit.framework */; };
		505626AF2DFE21A7008E7FD2 /* DragProgress.swift in Sources */ = {isa = PBXBuildFile; fileRef = 505626AE2DFE21A7008E7FD2 /* DragProgress.swift */; };
		505626B12DFE21D4008E7FD2 /* EiffelMap.swift in Sources */ = {isa = PBXBuildFile; fileRef = 505626B02DFE21D4008E7FD2 /* EiffelMap.swift */; };
		50A4FF192DFEA14F00B76B1C /* LockScreenOverlay.swift in Sources */ = {isa = PBXBuildFile; fileRef = 50A4FF182DFEA14F00B76B1C /* LockScreenOverlay.swift */; };
		50A4FF1B2DFEA16700B76B1C /* HomeDock.swift in Sources */ = {isa = PBXBuildFile; fileRef = 50A4FF1A2DFEA16700B76B1C /* HomeDock.swift */; };
/* End PBXBuildFile section */

/* Begin PBXContainerItemProxy section */
		5056268F2DFE20C9008E7FD2 /* PBXContainerItemProxy */ = {
			isa = PBXContainerItemProxy;
			containerPortal = 505626792DFE20C7008E7FD2 /* Project object */;
			proxyType = 1;
			remoteGlobalIDString = 505626802DFE20C7008E7FD2;
			remoteInfo = AppleParkUnlock;
		};
		505626992DFE20C9008E7FD2 /* PBXContainerItemProxy */ = {
			isa = PBXContainerItemProxy;
			containerPortal = 505626792DFE20C7008E7FD2 /* Project object */;
			proxyType = 1;
			remoteGlobalIDString = 505626802DFE20C7008E7FD2;
			remoteInfo = AppleParkUnlock;
		};
/* End PBXContainerItemProxy section */

/* Begin PBXFileReference section */
		505626812DFE20C7008E7FD2 /* AppleParkUnlock.app */ = {isa = PBXFileReference; explicitFileType = wrapper.application; includeInIndex = 0; path = AppleParkUnlock.app; sourceTree = BUILT_PRODUCTS_DIR; };
		5056268E2DFE20C9008E7FD2 /* AppleParkUnlockTests.xctest */ = {isa = PBXFileReference; explicitFileType = wrapper.cfbundle; includeInIndex = 0; path = AppleParkUnlockTests.xctest; sourceTree = BUILT_PRODUCTS_DIR; };
		505626982DFE20C9008E7FD2 /* AppleParkUnlockUITests.xctest */ = {isa = PBXFileReference; explicitFileType = wrapper.cfbundle; includeInIndex = 0; path = AppleParkUnlockUITests.xctest; sourceTree = BUILT_PRODUCTS_DIR; };
		505626AC2DFE217E008E7FD2 /* MapKit.framework */ = {isa = PBXFileReference; lastKnownFileType = wrapper.framework; name = MapKit.framework; path = System/Library/Frameworks/MapKit.framework; sourceTree = SDKROOT; };
		505626AE2DFE21A7008E7FD2 /* DragProgress.swift */ = {isa = PBXFileReference; lastKnownFileType = sourcecode.swift; path = DragProgress.swift; sourceTree = "<group>"; };
		505626B02DFE21D4008E7FD2 /* EiffelMap.swift */ = {isa = PBXFileReference; lastKnownFileType = sourcecode.swift; path = EiffelMap.swift; sourceTree = "<group>"; };
		50A4FF182DFEA14F00B76B1C /* LockScreenOverlay.swift */ = {isa = PBXFileReference; lastKnownFileType = sourcecode.swift; path = LockScreenOverlay.swift; sourceTree = "<group>"; };
		50A4FF1A2DFEA16700B76B1C /* HomeDock.swift */ = {isa = PBXFileReference; lastKnownFileType = sourcecode.swift; path = HomeDock.swift; sourceTree = "<group>"; };
/* End PBXFileReference section */

/* Begin PBXFileSystemSynchronizedRootGroup section */
		505626832DFE20C7008E7FD2 /* AppleParkUnlock */ = {
			isa = PBXFileSystemSynchronizedRootGroup;
			path = AppleParkUnlock;
			sourceTree = "<group>";
		};
		505626912DFE20C9008E7FD2 /* AppleParkUnlockTests */ = {
			isa = PBXFileSystemSynchronizedRootGroup;
			path = AppleParkUnlockTests;
			sourceTree = "<group>";
		};
		5056269B2DFE20C9008E7FD2 /* AppleParkUnlockUITests */ = {
			isa = PBXFileSystemSynchronizedRootGroup;
			path = AppleParkUnlockUITests;
			sourceTree = "<group>";
		};
/* End PBXFileSystemSynchronizedRootGroup section */

/* Begin PBXFrameworksBuildPhase section */
		5056267E2DFE20C7008E7FD2 /* Frameworks */ = {
			isa = PBXFrameworksBuildPhase;
			buildActionMask = 2147483647;
			files = (
				505626AD2DFE217E008E7FD2 /* MapKit.framework in Frameworks */,
			);
			runOnlyForDeploymentPostprocessing = 0;
		};
		5056268B2DFE20C9008E7FD2 /* Frameworks */ = {
			isa = PBXFrameworksBuildPhase;
			buildActionMask = 2147483647;
			files = (
			);
			runOnlyForDeploymentPostprocessing = 0;
		};
		505626952DFE20C9008E7FD2 /* Frameworks */ = {
			isa = PBXFrameworksBuildPhase;
			buildActionMask = 2147483647;
			files = (
			);
			runOnlyForDeploymentPostprocessing = 0;
		};
/* End PBXFrameworksBuildPhase section */

/* Begin PBXGroup section */
		505626782DFE20C7008E7FD2 = {
			isa = PBXGroup;
			children = (
				505626AE2DFE21A7008E7FD2 /* DragProgress.swift */,
				505626B02DFE21D4008E7FD2 /* EiffelMap.swift */,
				50A4FF182DFEA14F00B76B1C /* LockScreenOverlay.swift */,
				50A4FF1A2DFEA16700B76B1C /* HomeDock.swift */,
				505626832DFE20C7008E7FD2 /* AppleParkUnlock */,
				505626912DFE20C9008E7FD2 /* AppleParkUnlockTests */,
				5056269B2DFE20C9008E7FD2 /* AppleParkUnlockUITests */,
				505626AB2DFE217E008E7FD2 /* Frameworks */,
				505626822DFE20C7008E7FD2 /* Products */,
			);
			sourceTree = "<group>";
		};
		505626822DFE20C7008E7FD2 /* Products */ = {
			isa = PBXGroup;
			children = (
				505626812DFE20C7008E7FD2 /* AppleParkUnlock.app */,
				5056268E2DFE20C9008E7FD2 /* AppleParkUnlockTests.xctest */,
				505626982DFE20C9008E7FD2 /* AppleParkUnlockUITests.xctest */,
			);
			name = Products;
			sourceTree = "<group>";
		};
		505626AB2DFE217E008E7FD2 /* Frameworks */ = {
			isa = PBXGroup;
			children = (
				505626AC2DFE217E008E7FD2 /* MapKit.framework */,
			);
			name = Frameworks;
			sourceTree = "<group>";
		};
/* End PBXGroup section */

/* Begin PBXNativeTarget section */
		505626802DFE20C7008E7FD2 /* AppleParkUnlock */ = {
			isa = PBXNativeTarget;
			buildConfigurationList = 505626A22DFE20C9008E7FD2 /* Build configuration list for PBXNativeTarget "AppleParkUnlock" */;
			buildPhases = (
				5056267D2DFE20C7008E7FD2 /* Sources */,
				5056267E2DFE20C7008E7FD2 /* Frameworks */,
				5056267F2DFE20C7008E7FD2 /* Resources */,
			);
			buildRules = (
			);
			dependencies = (
			);
			fileSystemSynchronizedGroups = (
				505626832DFE20C7008E7FD2 /* AppleParkUnlock */,
			);
			name = AppleParkUnlock;
			packageProductDependencies = (
			);
			productName = AppleParkUnlock;
			productReference = 505626812DFE20C7008E7FD2 /* AppleParkUnlock.app */;
			productType = "com.apple.product-type.application";
		};
		5056268D2DFE20C9008E7FD2 /* AppleParkUnlockTests */ = {
			isa = PBXNativeTarget;
			buildConfigurationList = 505626A52DFE20C9008E7FD2 /* Build configuration list for PBXNativeTarget "AppleParkUnlockTests" */;
			buildPhases = (
				5056268A2DFE20C9008E7FD2 /* Sources */,
				5056268B2DFE20C9008E7FD2 /* Frameworks */,
				5056268C2DFE20C9008E7FD2 /* Resources */,
			);
			buildRules = (
			);
			dependencies = (
				505626902DFE20C9008E7FD2 /* PBXTargetDependency */,
			);
			fileSystemSynchronizedGroups = (
				505626912DFE20C9008E7FD2 /* AppleParkUnlockTests */,
			);
			name = AppleParkUnlockTests;
			packageProductDependencies = (
			);
			productName = AppleParkUnlockTests;
			productReference = 5056268E2DFE20C9008E7FD2 /* AppleParkUnlockTests.xctest */;
			productType = "com.apple.product-type.bundle.unit-test";
		};
		505626972DFE20C9008E7FD2 /* AppleParkUnlockUITests */ = {
			isa = PBXNativeTarget;
			buildConfigurationList = 505626A82DFE20C9008E7FD2 /* Build configuration list for PBXNativeTarget "AppleParkUnlockUITests" */;
			buildPhases = (
				505626942DFE20C9008E7FD2 /* Sources */,
				505626952DFE20C9008E7FD2 /* Frameworks */,
				505626962DFE20C9008E7FD2 /* Resources */,
			);
			buildRules = (
			);
			dependencies = (
				5056269A2DFE20C9008E7FD2 /* PBXTargetDependency */,
			);
			fileSystemSynchronizedGroups = (
				5056269B2DFE20C9008E7FD2 /* AppleParkUnlockUITests */,
			);
			name = AppleParkUnlockUITests;
			packageProductDependencies = (
			);
			productName = AppleParkUnlockUITests;
			productReference = 505626982DFE20C9008E7FD2 /* AppleParkUnlockUITests.xctest */;
			productType = "com.apple.product-type.bundle.ui-testing";
		};
/* End PBXNativeTarget section */

/* Begin PBXProject section */
		505626792DFE20C7008E7FD2 /* Project object */ = {
			isa = PBXProject;
			attributes = {
				BuildIndependentTargetsInParallel = 1;
				LastSwiftUpdateCheck = 1630;
				LastUpgradeCheck = 1630;
				TargetAttributes = {
					505626802DFE20C7008E7FD2 = {
						CreatedOnToolsVersion = 16.3;
					};
					5056268D2DFE20C9008E7FD2 = {
						CreatedOnToolsVersion = 16.3;
						TestTargetID = 505626802DFE20C7008E7FD2;
					};
					505626972DFE20C9008E7FD2 = {
						CreatedOnToolsVersion = 16.3;
						TestTargetID = 505626802DFE20C7008E7FD2;
					};
				};
			};
			buildConfigurationList = 5056267C2DFE20C7008E7FD2 /* Build configuration list for PBXProject "AppleParkUnlock" */;
			developmentRegion = en;
			hasScannedForEncodings = 0;
			knownRegions = (
				en,
				Base,
			);
			mainGroup = 505626782DFE20C7008E7FD2;
			minimizedProjectReferenceProxies = 1;
			preferredProjectObjectVersion = 77;
			productRefGroup = 505626822DFE20C7008E7FD2 /* Products */;
			projectDirPath = "";
			projectRoot = "";
			targets = (
				505626802DFE20C7008E7FD2 /* AppleParkUnlock */,
				5056268D2DFE20C9008E7FD2 /* AppleParkUnlockTests */,
				505626972DFE20C9008E7FD2 /* AppleParkUnlockUITests */,
			);
		};
/* End PBXProject section */

/* Begin PBXResourcesBuildPhase section */
		5056267F2DFE20C7008E7FD2 /* Resources */ = {
			isa = PBXResourcesBuildPhase;
			buildActionMask = 2147483647;
			files = (
			);
			runOnlyForDeploymentPostprocessing = 0;
		};
		5056268C2DFE20C9008E7FD2 /* Resources */ = {
			isa = PBXResourcesBuildPhase;
			buildActionMask = 2147483647;
			files = (
			);
			runOnlyForDeploymentPostprocessing = 0;
		};
		505626962DFE20C9008E7FD2 /* Resources */ = {
			isa = PBXResourcesBuildPhase;
			buildActionMask = 2147483647;
			files = (
			);
			runOnlyForDeploymentPostprocessing = 0;
		};
/* End PBXResourcesBuildPhase section */

/* Begin PBXSourcesBuildPhase section */
		5056267D2DFE20C7008E7FD2 /* Sources */ = {
			isa = PBXSourcesBuildPhase;
			buildActionMask = 2147483647;
			files = (
				505626AF2DFE21A7008E7FD2 /* DragProgress.swift in Sources */,
				50A4FF192DFEA14F00B76B1C /* LockScreenOverlay.swift in Sources */,
				50A4FF1B2DFEA16700B76B1C /* HomeDock.swift in Sources */,
				505626B12DFE21D4008E7FD2 /* EiffelMap.swift in Sources */,
			);
			runOnlyForDeploymentPostprocessing = 0;
		};
		5056268A2DFE20C9008E7FD2 /* Sources */ = {
			isa = PBXSourcesBuildPhase;
			buildActionMask = 2147483647;
			files = (
			);
			runOnlyForDeploymentPostprocessing = 0;
		};
		505626942DFE20C9008E7FD2 /* Sources */ = {
			isa = PBXSourcesBuildPhase;
			buildActionMask = 2147483647;
			files = (
			);
			runOnlyForDeploymentPostprocessing = 0;
		};
/* End PBXSourcesBuildPhase section */

/* Begin PBXTargetDependency section */
		505626902DFE20C9008E7FD2 /* PBXTargetDependency */ = {
			isa = PBXTargetDependency;
			target = 505626802DFE20C7008E7FD2 /* AppleParkUnlock */;
			targetProxy = 5056268F2DFE20C9008E7FD2 /* PBXContainerItemProxy */;
		};
		5056269A2DFE20C9008E7FD2 /* PBXTargetDependency */ = {
			isa = PBXTargetDependency;
			target = 505626802DFE20C7008E7FD2 /* AppleParkUnlock */;
			targetProxy = 505626992DFE20C9008E7FD2 /* PBXContainerItemProxy */;
		};
/* End PBXTargetDependency section */

/* Begin XCBuildConfiguration section */
		505626A02DFE20C9008E7FD2 /* Debug */ = {
			isa = XCBuildConfiguration;
			buildSettings = {
				ALWAYS_SEARCH_USER_PATHS = NO;
				ASSETCATALOG_COMPILER_GENERATE_SWIFT_ASSET_SYMBOL_EXTENSIONS = YES;
				CLANG_ANALYZER_NONNULL = YES;
				CLANG_ANALYZER_NUMBER_OBJECT_CONVERSION = YES_AGGRESSIVE;
				CLANG_CXX_LANGUAGE_STANDARD = "gnu++20";
				CLANG_ENABLE_MODULES = YES;
				CLANG_ENABLE_OBJC_ARC = YES;
				CLANG_ENABLE_OBJC_WEAK = YES;
				CLANG_WARN_BLOCK_CAPTURE_AUTORELEASING = YES;
				CLANG_WARN_BOOL_CONVERSION = YES;
				CLANG_WARN_COMMA = YES;
				CLANG_WARN_CONSTANT_CONVERSION = YES;
				CLANG_WARN_DEPRECATED_OBJC_IMPLEMENTATIONS = YES;
				CLANG_WARN_DIRECT_OBJC_ISA_USAGE = YES_ERROR;
				CLANG_WARN_DOCUMENTATION_COMMENTS = YES;
				CLANG_WARN_EMPTY_BODY = YES;
				CLANG_WARN_ENUM_CONVERSION = YES;
				CLANG_WARN_INFINITE_RECURSION = YES;
				CLANG_WARN_INT_CONVERSION = YES;
				CLANG_WARN_NON_LITERAL_NULL_CONVERSION = YES;
				CLANG_WARN_OBJC_IMPLICIT_RETAIN_SELF = YES;
				CLANG_WARN_OBJC_LITERAL_CONVERSION = YES;
				CLANG_WARN_OBJC_ROOT_CLASS = YES_ERROR;
				CLANG_WARN_QUOTED_INCLUDE_IN_FRAMEWORK_HEADER = YES;
				CLANG_WARN_RANGE_LOOP_ANALYSIS = YES;
				CLANG_WARN_STRICT_PROTOTYPES = YES;
				CLANG_WARN_SUSPICIOUS_MOVE = YES;
				CLANG_WARN_UNGUARDED_AVAILABILITY = YES_AGGRESSIVE;
				CLANG_WARN_UNREACHABLE_CODE = YES;
				CLANG_WARN__DUPLICATE_METHOD_MATCH = YES;
				COPY_PHASE_STRIP = NO;
				DEBUG_INFORMATION_FORMAT = dwarf;
				ENABLE_STRICT_OBJC_MSGSEND = YES;
				ENABLE_TESTABILITY = YES;
				ENABLE_USER_SCRIPT_SANDBOXING = YES;
				GCC_C_LANGUAGE_STANDARD = gnu17;
				GCC_DYNAMIC_NO_PIC = NO;
				GCC_NO_COMMON_BLOCKS = YES;
				GCC_OPTIMIZATION_LEVEL = 0;
				GCC_PREPROCESSOR_DEFINITIONS = (
					"DEBUG=1",
					"$(inherited)",
				);
				GCC_WARN_64_TO_32_BIT_CONVERSION = YES;
				GCC_WARN_ABOUT_RETURN_TYPE = YES_ERROR;
				GCC_WARN_UNDECLARED_SELECTOR = YES;
				GCC_WARN_UNINITIALIZED_AUTOS = YES_AGGRESSIVE;
				GCC_WARN_UNUSED_FUNCTION = YES;
				GCC_WARN_UNUSED_VARIABLE = YES;
				IPHONEOS_DEPLOYMENT_TARGET = 18.4;
				LOCALIZATION_PREFERS_STRING_CATALOGS = YES;
				MTL_ENABLE_DEBUG_INFO = INCLUDE_SOURCE;
				MTL_FAST_MATH = YES;
				ONLY_ACTIVE_ARCH = YES;
				SDKROOT = iphoneos;
				SWIFT_ACTIVE_COMPILATION_CONDITIONS = "DEBUG $(inherited)";
				SWIFT_OPTIMIZATION_LEVEL = "-Onone";
			};
			name = Debug;
		};
		505626A12DFE20C9008E7FD2 /* Release */ = {
			isa = XCBuildConfiguration;
			buildSettings = {
				ALWAYS_SEARCH_USER_PATHS = NO;
				ASSETCATALOG_COMPILER_GENERATE_SWIFT_ASSET_SYMBOL_EXTENSIONS = YES;
				CLANG_ANALYZER_NONNULL = YES;
				CLANG_ANALYZER_NUMBER_OBJECT_CONVERSION = YES_AGGRESSIVE;
				CLANG_CXX_LANGUAGE_STANDARD = "gnu++20";
				CLANG_ENABLE_MODULES = YES;
				CLANG_ENABLE_OBJC_ARC = YES;
				CLANG_ENABLE_OBJC_WEAK = YES;
				CLANG_WARN_BLOCK_CAPTURE_AUTORELEASING = YES;
				CLANG_WARN_BOOL_CONVERSION = YES;
				CLANG_WARN_COMMA = YES;
				CLANG_WARN_CONSTANT_CONVERSION = YES;
				CLANG_WARN_DEPRECATED_OBJC_IMPLEMENTATIONS = YES;
				CLANG_WARN_DIRECT_OBJC_ISA_USAGE = YES_ERROR;
				CLANG_WARN_DOCUMENTATION_COMMENTS = YES;
				CLANG_WARN_EMPTY_BODY = YES;
				CLANG_WARN_ENUM_CONVERSION = YES;
				CLANG_WARN_INFINITE_RECURSION = YES;
				CLANG_WARN_INT_CONVERSION = YES;
				CLANG_WARN_NON_LITERAL_NULL_CONVERSION = YES;
				CLANG_WARN_OBJC_IMPLICIT_RETAIN_SELF = YES;
				CLANG_WARN_OBJC_LITERAL_CONVERSION = YES;
				CLANG_WARN_OBJC_ROOT_CLASS = YES_ERROR;
				CLANG_WARN_QUOTED_INCLUDE_IN_FRAMEWORK_HEADER = YES;
				CLANG_WARN_RANGE_LOOP_ANALYSIS = YES;
				CLANG_WARN_STRICT_PROTOTYPES = YES;
				CLANG_WARN_SUSPICIOUS_MOVE = YES;
				CLANG_WARN_UNGUARDED_AVAILABILITY = YES_AGGRESSIVE;
				CLANG_WARN_UNREACHABLE_CODE = YES;
				CLANG_WARN__DUPLICATE_METHOD_MATCH = YES;
				COPY_PHASE_STRIP = NO;
				DEBUG_INFORMATION_FORMAT = "dwarf-with-dsym";
				ENABLE_NS_ASSERTIONS = NO;
				ENABLE_STRICT_OBJC_MSGSEND = YES;
				ENABLE_USER_SCRIPT_SANDBOXING = YES;
				GCC_C_LANGUAGE_STANDARD = gnu17;
				GCC_NO_COMMON_BLOCKS = YES;
				GCC_WARN_64_TO_32_BIT_CONVERSION = YES;
				GCC_WARN_ABOUT_RETURN_TYPE = YES_ERROR;
				GCC_WARN_UNDECLARED_SELECTOR = YES;
				GCC_WARN_UNINITIALIZED_AUTOS = YES_AGGRESSIVE;
				GCC_WARN_UNUSED_FUNCTION = YES;
				GCC_WARN_UNUSED_VARIABLE = YES;
				IPHONEOS_DEPLOYMENT_TARGET = 18.4;
				LOCALIZATION_PREFERS_STRING_CATALOGS = YES;
				MTL_ENABLE_DEBUG_INFO = NO;
				MTL_FAST_MATH = YES;
				SDKROOT = iphoneos;
				SWIFT_COMPILATION_MODE = wholemodule;
				VALIDATE_PRODUCT = YES;
			};
			name = Release;
		};
		505626A32DFE20C9008E7FD2 /* Debug */ = {
			isa = XCBuildConfiguration;
			buildSettings = {
				ASSETCATALOG_COMPILER_APPICON_NAME = AppIcon;
				ASSETCATALOG_COMPILER_GLOBAL_ACCENT_COLOR_NAME = AccentColor;
				CODE_SIGN_STYLE = Automatic;
				CURRENT_PROJECT_VERSION = 1;
				DEVELOPMENT_TEAM = 9AJFM9L39V;
				ENABLE_PREVIEWS = YES;
				GENERATE_INFOPLIST_FILE = YES;
				INFOPLIST_KEY_UIApplicationSceneManifest_Generation = YES;
				INFOPLIST_KEY_UIApplicationSupportsIndirectInputEvents = YES;
				INFOPLIST_KEY_UILaunchScreen_Generation = YES;
				INFOPLIST_KEY_UISupportedInterfaceOrientations_iPad = "UIInterfaceOrientationPortrait UIInterfaceOrientationPortraitUpsideDown UIInterfaceOrientationLandscapeLeft UIInterfaceOrientationLandscapeRight";
				INFOPLIST_KEY_UISupportedInterfaceOrientations_iPhone = "UIInterfaceOrientationPortrait UIInterfaceOrientationLandscapeLeft UIInterfaceOrientationLandscapeRight";
				LD_RUNPATH_SEARCH_PATHS = (
					"$(inherited)",
					"@executable_path/Frameworks",
				);
				MARKETING_VERSION = 1.0;
				PRODUCT_BUNDLE_IDENTIFIER = com.ashutosh.AppleParkUnlock;
				PRODUCT_NAME = "$(TARGET_NAME)";
				SWIFT_EMIT_LOC_STRINGS = YES;
				SWIFT_VERSION = 5.0;
				TARGETED_DEVICE_FAMILY = "1,2";
			};
			name = Debug;
		};
		505626A42DFE20C9008E7FD2 /* Release */ = {
			isa = XCBuildConfiguration;
			buildSettings = {
				ASSETCATALOG_COMPILER_APPICON_NAME = AppIcon;
				ASSETCATALOG_COMPILER_GLOBAL_ACCENT_COLOR_NAME = AccentColor;
				CODE_SIGN_STYLE = Automatic;
				CURRENT_PROJECT_VERSION = 1;
				DEVELOPMENT_TEAM = 9AJFM9L39V;
				ENABLE_PREVIEWS = YES;
				GENERATE_INFOPLIST_FILE = YES;
				INFOPLIST_KEY_UIApplicationSceneManifest_Generation = YES;
				INFOPLIST_KEY_UIApplicationSupportsIndirectInputEvents = YES;
				INFOPLIST_KEY_UILaunchScreen_Generation = YES;
				INFOPLIST_KEY_UISupportedInterfaceOrientations_iPad = "UIInterfaceOrientationPortrait UIInterfaceOrientationPortraitUpsideDown UIInterfaceOrientationLandscapeLeft UIInterfaceOrientationLandscapeRight";
				INFOPLIST_KEY_UISupportedInterfaceOrientations_iPhone = "UIInterfaceOrientationPortrait UIInterfaceOrientationLandscapeLeft UIInterfaceOrientationLandscapeRight";
				LD_RUNPATH_SEARCH_PATHS = (
					"$(inherited)",
					"@executable_path/Frameworks",
				);
				MARKETING_VERSION = 1.0;
				PRODUCT_BUNDLE_IDENTIFIER = com.ashutosh.AppleParkUnlock;
				PRODUCT_NAME = "$(TARGET_NAME)";
				SWIFT_EMIT_LOC_STRINGS = YES;
				SWIFT_VERSION = 5.0;
				TARGETED_DEVICE_FAMILY = "1,2";
			};
			name = Release;
		};
		505626A62DFE20C9008E7FD2 /* Debug */ = {
			isa = XCBuildConfiguration;
			buildSettings = {
				BUNDLE_LOADER = "$(TEST_HOST)";
				CODE_SIGN_STYLE = Automatic;
				CURRENT_PROJECT_VERSION = 1;
				GENERATE_INFOPLIST_FILE = YES;
				IPHONEOS_DEPLOYMENT_TARGET = 18.4;
				MARKETING_VERSION = 1.0;
				PRODUCT_BUNDLE_IDENTIFIER = com.ashutosh.AppleParkUnlockTests;
				PRODUCT_NAME = "$(TARGET_NAME)";
				SWIFT_EMIT_LOC_STRINGS = NO;
				SWIFT_VERSION = 5.0;
				TARGETED_DEVICE_FAMILY = "1,2";
				TEST_HOST = "$(BUILT_PRODUCTS_DIR)/AppleParkUnlock.app/$(BUNDLE_EXECUTABLE_FOLDER_PATH)/AppleParkUnlock";
			};
			name = Debug;
		};
		505626A72DFE20C9008E7FD2 /* Release */ = {
			isa = XCBuildConfiguration;
			buildSettings = {
				BUNDLE_LOADER = "$(TEST_HOST)";
				CODE_SIGN_STYLE = Automatic;
				CURRENT_PROJECT_VERSION = 1;
				GENERATE_INFOPLIST_FILE = YES;
				IPHONEOS_DEPLOYMENT_TARGET = 18.4;
				MARKETING_VERSION = 1.0;
				PRODUCT_BUNDLE_IDENTIFIER = com.ashutosh.AppleParkUnlockTests;
				PRODUCT_NAME = "$(TARGET_NAME)";
				SWIFT_EMIT_LOC_STRINGS = NO;
				SWIFT_VERSION = 5.0;
				TARGETED_DEVICE_FAMILY = "1,2";
				TEST_HOST = "$(BUILT_PRODUCTS_DIR)/AppleParkUnlock.app/$(BUNDLE_EXECUTABLE_FOLDER_PATH)/AppleParkUnlock";
			};
			name = Release;
		};
		505626A92DFE20C9008E7FD2 /* Debug */ = {
			isa = XCBuildConfiguration;
			buildSettings = {
				CODE_SIGN_STYLE = Automatic;
				CURRENT_PROJECT_VERSION = 1;
				GENERATE_INFOPLIST_FILE = YES;
				MARKETING_VERSION = 1.0;
				PRODUCT_BUNDLE_IDENTIFIER = com.ashutosh.AppleParkUnlockUITests;
				PRODUCT_NAME = "$(TARGET_NAME)";
				SWIFT_EMIT_LOC_STRINGS = NO;
				SWIFT_VERSION = 5.0;
				TARGETED_DEVICE_FAMILY = "1,2";
				TEST_TARGET_NAME = AppleParkUnlock;
			};
			name = Debug;
		};
		505626AA2DFE20C9008E7FD2 /* Release */ = {
			isa = XCBuildConfiguration;
			buildSettings = {
				CODE_SIGN_STYLE = Automatic;
				CURRENT_PROJECT_VERSION = 1;
				GENERATE_INFOPLIST_FILE = YES;
				MARKETING_VERSION = 1.0;
				PRODUCT_BUNDLE_IDENTIFIER = com.ashutosh.AppleParkUnlockUITests;
				PRODUCT_NAME = "$(TARGET_NAME)";
				SWIFT_EMIT_LOC_STRINGS = NO;
				SWIFT_VERSION = 5.0;
				TARGETED_DEVICE_FAMILY = "1,2";
				TEST_TARGET_NAME = AppleParkUnlock;
			};
			name = Release;
		};
/* End XCBuildConfiguration section */

/* Begin XCConfigurationList section */
		5056267C2DFE20C7008E7FD2 /* Build configuration list for PBXProject "AppleParkUnlock" */ = {
			isa = XCConfigurationList;
			buildConfigurations = (
				505626A02DFE20C9008E7FD2 /* Debug */,
				505626A12DFE20C9008E7FD2 /* Release */,
			);
			defaultConfigurationIsVisible = 0;
			defaultConfigurationName = Release;
		};
		505626A22DFE20C9008E7FD2 /* Build configuration list for PBXNativeTarget "AppleParkUnlock" */ = {
			isa = XCConfigurationList;
			buildConfigurations = (
				505626A32DFE20C9008E7FD2 /* Debug */,
				505626A42DFE20C9008E7FD2 /* Release */,
			);
			defaultConfigurationIsVisible = 0;
			defaultConfigurationName = Release;
		};
		505626A52DFE20C9008E7FD2 /* Build configuration list for PBXNativeTarget "AppleParkUnlockTests" */ = {
			isa = XCConfigurationList;
			buildConfigurations = (
				505626A62DFE20C9008E7FD2 /* Debug */,
				505626A72DFE20C9008E7FD2 /* Release */,
			);
			defaultConfigurationIsVisible = 0;
			defaultConfigurationName = Release;
		};
		505626A82DFE20C9008E7FD2 /* Build configuration list for PBXNativeTarget "AppleParkUnlockUITests" */ = {
			isa = XCConfigurationList;
			buildConfigurations = (
				505626A92DFE20C9008E7FD2 /* Debug */,
				505626AA2DFE20C9008E7FD2 /* Release */,
			);
			defaultConfigurationIsVisible = 0;
			defaultConfigurationName = Release;
		};
/* End XCConfigurationList section */
	};
	rootObject = 505626792DFE20C7008E7FD2 /* Project object */;
}
